// !$*UTF8*$!
{
	archiveVersion = 1;
	classes = {
	};
	objectVersion = 46;
	objects = {

/* Begin PBXBuildFile section */
		5EFFB25E1A32AAD800285863 /* AppDelegate.swift in Sources */ = {isa = PBXBuildFile; fileRef = 5EFFB25D1A32AAD800285863 /* AppDelegate.swift */; };
		5EFFB2601A32AAD800285863 /* ViewController.swift in Sources */ = {isa = PBXBuildFile; fileRef = 5EFFB25F1A32AAD800285863 /* ViewController.swift */; };
		5EFFB2631A32AAD800285863 /* Main.storyboard in Resources */ = {isa = PBXBuildFile; fileRef = 5EFFB2611A32AAD800285863 /* Main.storyboard */; };
		5EFFB2651A32AAD800285863 /* Images.xcassets in Resources */ = {isa = PBXBuildFile; fileRef = 5EFFB2641A32AAD800285863 /* Images.xcassets */; };
		5EFFB2681A32AAD800285863 /* LaunchScreen.xib in Resources */ = {isa = PBXBuildFile; fileRef = 5EFFB2661A32AAD800285863 /* LaunchScreen.xib */; };
		5EFFB2741A32AAD800285863 /* HappyFaceTests.swift in Sources */ = {isa = PBXBuildFile; fileRef = 5EFFB2731A32AAD800285863 /* HappyFaceTests.swift */; };
		5EFFB27E1A32AD2100285863 /* FaceView.swift in Sources */ = {isa = PBXBuildFile; fileRef = 5EFFB27D1A32AD2100285863 /* FaceView.swift */; };
/* End PBXBuildFile section */

/* Begin PBXContainerItemProxy section */
		5EFFB26E1A32AAD800285863 /* PBXContainerItemProxy */ = {
			isa = PBXContainerItemProxy;
			containerPortal = 5EFFB2501A32AAD800285863 /* Project object */;
			proxyType = 1;
			remoteGlobalIDString = 5EFFB2571A32AAD800285863;
			remoteInfo = HappyFace;
		};
/* End PBXContainerItemProxy section */

/* Begin PBXFileReference section */
		5EFFB2581A32AAD800285863 /* HappyFace.app */ = {isa = PBXFileReference; explicitFileType = wrapper.application; includeInIndex = 0; path = HappyFace.app; sourceTree = BUILT_PRODUCTS_DIR; };
		5EFFB25C1A32AAD800285863 /* Info.plist */ = {isa = PBXFileReference; lastKnownFileType = text.plist.xml; path = Info.plist; sourceTree = "<group>"; };
		5EFFB25D1A32AAD800285863 /* AppDelegate.swift */ = {isa = PBXFileReference; lastKnownFileType = sourcecode.swift; path = AppDelegate.swift; sourceTree = "<group>"; };
		5EFFB25F1A32AAD800285863 /* ViewController.swift */ = {isa = PBXFileReference; lastKnownFileType = sourcecode.swift; path = ViewController.swift; sourceTree = "<group>"; };
		5EFFB2621A32AAD800285863 /* Base */ = {isa = PBXFileReference; lastKnownFileType = file.storyboard; name = Base; path = Base.lproj/Main.storyboard; sourceTree = "<group>"; };
		5EFFB2641A32AAD800285863 /* Images.xcassets */ = {isa = PBXFileReference; lastKnownFileType = folder.assetcatalog; path = Images.xcassets; sourceTree = "<group>"; };
		5EFFB2671A32AAD800285863 /* Base */ = {isa = PBXFileReference; lastKnownFileType = file.xib; name = Base; path = Base.lproj/LaunchScreen.xib; sourceTree = "<group>"; };
		5EFFB26D1A32AAD800285863 /* HappyFaceTests.xctest */ = {isa = PBXFileReference; explicitFileType = wrapper.cfbundle; includeInIndex = 0; path = HappyFaceTests.xctest; sourceTree = BUILT_PRODUCTS_DIR; };
		5EFFB2721A32AAD800285863 /* Info.plist */ = {isa = PBXFileReference; lastKnownFileType = text.plist.xml; path = Info.plist; sourceTree = "<group>"; };
		5EFFB2731A32AAD800285863 /* HappyFaceTests.swift */ = {isa = PBXFileReference; lastKnownFileType = sourcecode.swift; path = HappyFaceTests.swift; sourceTree = "<group>"; };
		5EFFB27D1A32AD2100285863 /* FaceView.swift */ = {isa = PBXFileReference; fileEncoding = 4; lastKnownFileType = sourcecode.swift; name = FaceView.swift; path = ../FaceView.swift; sourceTree = "<group>"; };
/* End PBXFileReference section */

/* Begin PBXFrameworksBuildPhase section */
		5EFFB2551A32AAD800285863 /* Frameworks */ = {
			isa = PBXFrameworksBuildPhase;
			buildActionMask = 2147483647;
			files = (
			);
			runOnlyForDeploymentPostprocessing = 0;
		};
		5EFFB26A1A32AAD800285863 /* Frameworks */ = {
			isa = PBXFrameworksBuildPhase;
			buildActionMask = 2147483647;
			files = (
			);
			runOnlyForDeploymentPostprocessing = 0;
		};
/* End PBXFrameworksBuildPhase section */

/* Begin PBXGroup section */
		5EFFB24F1A32AAD800285863 = {
			isa = PBXGroup;
			children = (
				5EFFB25A1A32AAD800285863 /* HappyFace */,
				5EFFB2701A32AAD800285863 /* HappyFaceTests */,
				5EFFB2591A32AAD800285863 /* Products */,
			);
			sourceTree = "<group>";
		};
		5EFFB2591A32AAD800285863 /* Products */ = {
			isa = PBXGroup;
			children = (
				5EFFB2581A32AAD800285863 /* HappyFace.app */,
				5EFFB26D1A32AAD800285863 /* HappyFaceTests.xctest */,
			);
			name = Products;
			sourceTree = "<group>";
		};
		5EFFB25A1A32AAD800285863 /* HappyFace */ = {
			isa = PBXGroup;
			children = (
				5EFFB25D1A32AAD800285863 /* AppDelegate.swift */,
				5EFFB27D1A32AD2100285863 /* FaceView.swift */,
				5EFFB25F1A32AAD800285863 /* ViewController.swift */,
				5EFFB2611A32AAD800285863 /* Main.storyboard */,
				5EFFB2641A32AAD800285863 /* Images.xcassets */,
				5EFFB2661A32AAD800285863 /* LaunchScreen.xib */,
				5EFFB25B1A32AAD800285863 /* Supporting Files */,
			);
			path = HappyFace;
			sourceTree = "<group>";
		};
		5EFFB25B1A32AAD800285863 /* Supporting Files */ = {
			isa = PBXGroup;
			children = (
				5EFFB25C1A32AAD800285863 /* Info.plist */,
			);
			name = "Supporting Files";
			sourceTree = "<group>";
		};
		5EFFB2701A32AAD800285863 /* HappyFaceTests */ = {
			isa = PBXGroup;
			children = (
				5EFFB2731A32AAD800285863 /* HappyFaceTests.swift */,
				5EFFB2711A32AAD800285863 /* Supporting Files */,
			);
			path = HappyFaceTests;
			sourceTree = "<group>";
		};
		5EFFB2711A32AAD800285863 /* Supporting Files */ = {
			isa = PBXGroup;
			children = (
				5EFFB2721A32AAD800285863 /* Info.plist */,
			);
			name = "Supporting Files";
			sourceTree = "<group>";
		};
/* End PBXGroup section */

/* Begin PBXNativeTarget section */
		5EFFB2571A32AAD800285863 /* HappyFace */ = {
			isa = PBXNativeTarget;
			buildConfigurationList = 5EFFB2771A32AAD800285863 /* Build configuration list for PBXNativeTarget "HappyFace" */;
			buildPhases = (
				5EFFB2541A32AAD800285863 /* Sources */,
				5EFFB2551A32AAD800285863 /* Frameworks */,
				5EFFB2561A32AAD800285863 /* Resources */,
			);
			buildRules = (
			);
			dependencies = (
			);
			name = HappyFace;
			productName = HappyFace;
			productReference = 5EFFB2581A32AAD800285863 /* HappyFace.app */;
			productType = "com.apple.product-type.application";
		};
		5EFFB26C1A32AAD800285863 /* HappyFaceTests */ = {
			isa = PBXNativeTarget;
			buildConfigurationList = 5EFFB27A1A32AAD800285863 /* Build configuration list for PBXNativeTarget "HappyFaceTests" */;
			buildPhases = (
				5EFFB2691A32AAD800285863 /* Sources */,
				5EFFB26A1A32AAD800285863 /* Frameworks */,
				5EFFB26B1A32AAD800285863 /* Resources */,
			);
			buildRules = (
			);
			dependencies = (
				5EFFB26F1A32AAD800285863 /* PBXTargetDependency */,
			);
			name = HappyFaceTests;
			productName = HappyFaceTests;
			productReference = 5EFFB26D1A32AAD800285863 /* HappyFaceTests.xctest */;
			productType = "com.apple.product-type.bundle.unit-test";
		};
/* End PBXNativeTarget section */

/* Begin PBXProject section */
		5EFFB2501A32AAD800285863 /* Project object */ = {
			isa = PBXProject;
			attributes = {
				LastUpgradeCheck = 0610;
				ORGANIZATIONNAME = davidforlove;
				TargetAttributes = {
					5EFFB2571A32AAD800285863 = {
						CreatedOnToolsVersion = 6.1.1;
					};
					5EFFB26C1A32AAD800285863 = {
						CreatedOnToolsVersion = 6.1.1;
						TestTargetID = 5EFFB2571A32AAD800285863;
					};
				};
			};
			buildConfigurationList = 5EFFB2531A32AAD800285863 /* Build configuration list for PBXProject "HappyFace" */;
			compatibilityVersion = "Xcode 3.2";
			developmentRegion = English;
			hasScannedForEncodings = 0;
			knownRegions = (
				en,
				Base,
			);
			mainGroup = 5EFFB24F1A32AAD800285863;
			productRefGroup = 5EFFB2591A32AAD800285863 /* Products */;
			projectDirPath = "";
			projectRoot = "";
			targets = (
				5EFFB2571A32AAD800285863 /* HappyFace */,
				5EFFB26C1A32AAD800285863 /* HappyFaceTests */,
			);
		};
/* End PBXProject section */

/* Begin PBXResourcesBuildPhase section */
		5EFFB2561A32AAD800285863 /* Resources */ = {
			isa = PBXResourcesBuildPhase;
			buildActionMask = 2147483647;
			files = (
				5EFFB2631A32AAD800285863 /* Main.storyboard in Resources */,
				5EFFB2681A32AAD800285863 /* LaunchScreen.xib in Resources */,
				5EFFB2651A32AAD800285863 /* Images.xcassets in Resources */,
			);
			runOnlyForDeploymentPostprocessing = 0;
		};
		5EFFB26B1A32AAD800285863 /* Resources */ = {
			isa = PBXResourcesBuildPhase;
			buildActionMask = 2147483647;
			files = (
			);
			runOnlyForDeploymentPostprocessing = 0;
		};
/* End PBXResourcesBuildPhase section */

/* Begin PBXSourcesBuildPhase section */
		5EFFB2541A32AAD800285863 /* Sources */ = {
			isa = PBXSourcesBuildPhase;
			buildActionMask = 2147483647;
			files = (
				5EFFB2601A32AAD800285863 /* ViewController.swift in Sources */,
				5EFFB25E1A32AAD800285863 /* AppDelegate.swift in Sources */,
				5EFFB27E1A32AD2100285863 /* FaceView.swift in Sources */,
			);
			runOnlyForDeploymentPostprocessing = 0;
		};
		5EFFB2691A32AAD800285863 /* Sources */ = {
			isa = PBXSourcesBuildPhase;
			buildActionMask = 2147483647;
			files = (
				5EFFB2741A32AAD800285863 /* HappyFaceTests.swift in Sources */,
			);
			runOnlyForDeploymentPostprocessing = 0;
		};
/* End PBXSourcesBuildPhase section */

/* Begin PBXTargetDependency section */
		5EFFB26F1A32AAD800285863 /* PBXTargetDependency */ = {
			isa = PBXTargetDependency;
			target = 5EFFB2571A32AAD800285863 /* HappyFace */;
			targetProxy = 5EFFB26E1A32AAD800285863 /* PBXContainerItemProxy */;
		};
/* End PBXTargetDependency section */

/* Begin PBXVariantGroup section */
		5EFFB2611A32AAD800285863 /* Main.storyboard */ = {
			isa = PBXVariantGroup;
			children = (
				5EFFB2621A32AAD800285863 /* Base */,
			);
			name = Main.storyboard;
			sourceTree = "<group>";
		};
		5EFFB2661A32AAD800285863 /* LaunchScreen.xib */ = {
			isa = PBXVariantGroup;
			children = (
				5EFFB2671A32AAD800285863 /* Base */,
			);
			name = LaunchScreen.xib;
			sourceTree = "<group>";
		};
/* End PBXVariantGroup section */

/* Begin XCBuildConfiguration section */
		5EFFB2751A32AAD800285863 /* Debug */ = {
			isa = XCBuildConfiguration;
			buildSettings = {
				ALWAYS_SEARCH_USER_PATHS = NO;
				CLANG_CXX_LANGUAGE_STANDARD = "gnu++0x";
				CLANG_CXX_LIBRARY = "libc++";
				CLANG_ENABLE_MODULES = YES;
				CLANG_ENABLE_OBJC_ARC = YES;
				CLANG_WARN_BOOL_CONVERSION = YES;
				CLANG_WARN_CONSTANT_CONVERSION = YES;
				CLANG_WARN_DIRECT_OBJC_ISA_USAGE = YES_ERROR;
				CLANG_WARN_EMPTY_BODY = YES;
				CLANG_WARN_ENUM_CONVERSION = YES;
				CLANG_WARN_INT_CONVERSION = YES;
				CLANG_WARN_OBJC_ROOT_CLASS = YES_ERROR;
				CLANG_WARN_UNREACHABLE_CODE = YES;
				CLANG_WARN__DUPLICATE_METHOD_MATCH = YES;
				"CODE_SIGN_IDENTITY[sdk=iphoneos*]" = "iPhone Developer";
				COPY_PHASE_STRIP = NO;
				ENABLE_STRICT_OBJC_MSGSEND = YES;
				GCC_C_LANGUAGE_STANDARD = gnu99;
				GCC_DYNAMIC_NO_PIC = NO;
				GCC_OPTIMIZATION_LEVEL = 0;
				GCC_PREPROCESSOR_DEFINITIONS = (
					"DEBUG=1",
					"$(inherited)",
				);
				GCC_SYMBOLS_PRIVATE_EXTERN = NO;
				GCC_WARN_64_TO_32_BIT_CONVERSION = YES;
				GCC_WARN_ABOUT_RETURN_TYPE = YES_ERROR;
				GCC_WARN_UNDECLARED_SELECTOR = YES;
				GCC_WARN_UNINITIALIZED_AUTOS = YES_AGGRESSIVE;
				GCC_WARN_UNUSED_FUNCTION = YES;
				GCC_WARN_UNUSED_VARIABLE = YES;
				IPHONEOS_DEPLOYMENT_TARGET = 8.1;
				MTL_ENABLE_DEBUG_INFO = YES;
				ONLY_ACTIVE_ARCH = YES;
				SDKROOT = iphoneos;
				SWIFT_OPTIMIZATION_LEVEL = "-Onone";
				TARGETED_DEVICE_FAMILY = "1,2";
			};
			name = Debug;
		};
		5EFFB2761A32AAD800285863 /* Release */ = {
			isa = XCBuildConfiguration;
			buildSettings = {
				ALWAYS_SEARCH_USER_PATHS = NO;
				CLANG_CXX_LANGUAGE_STANDARD = "gnu++0x";
				CLANG_CXX_LIBRARY = "libc++";
				CLANG_ENABLE_MODULES = YES;
				CLANG_ENABLE_OBJC_ARC = YES;
				CLANG_WARN_BOOL_CONVERSION = YES;
				CLANG_WARN_CONSTANT_CONVERSION = YES;
				CLANG_WARN_DIRECT_OBJC_ISA_USAGE = YES_ERROR;
				CLANG_WARN_EMPTY_BODY = YES;
				CLANG_WARN_ENUM_CONVERSION = YES;
				CLANG_WARN_INT_CONVERSION = YES;
				CLANG_WARN_OBJC_ROOT_CLASS = YES_ERROR;
				CLANG_WARN_UNREACHABLE_CODE = YES;
				CLANG_WARN__DUPLICATE_METHOD_MATCH = YES;
				"CODE_SIGN_IDENTITY[sdk=iphoneos*]" = "iPhone Developer";
				COPY_PHASE_STRIP = YES;
				ENABLE_NS_ASSERTIONS = NO;
				ENABLE_STRICT_OBJC_MSGSEND = YES;
				GCC_C_LANGUAGE_STANDARD = gnu99;
				GCC_WARN_64_TO_32_BIT_CONVERSION = YES;
				GCC_WARN_ABOUT_RETURN_TYPE = YES_ERROR;
				GCC_WARN_UNDECLARED_SELECTOR = YES;
				GCC_WARN_UNINITIALIZED_AUTOS = YES_AGGRESSIVE;
				GCC_WARN_UNUSED_FUNCTION = YES;
				GCC_WARN_UNUSED_VARIABLE = YES;
				IPHONEOS_DEPLOYMENT_TARGET = 8.1;
				MTL_ENABLE_DEBUG_INFO = NO;
				SDKROOT = iphoneos;
				TARGETED_DEVICE_FAMILY = "1,2";
				VALIDATE_PRODUCT = YES;
			};
			name = Release;
		};
		5EFFB2781A32AAD800285863 /* Debug */ = {
			isa = XCBuildConfiguration;
			buildSettings = {
				ASSETCATALOG_COMPILER_APPICON_NAME = AppIcon;
				INFOPLIST_FILE = HappyFace/Info.plist;
				LD_RUNPATH_SEARCH_PATHS = "$(inherited) @executable_path/Frameworks";
				PRODUCT_NAME = "$(TARGET_NAME)";
			};
			name = Debug;
		};
		5EFFB2791A32AAD800285863 /* Release */ = {
			isa = XCBuildConfiguration;
			buildSettings = {
				ASSETCATALOG_COMPILER_APPICON_NAME = AppIcon;
				INFOPLIST_FILE = HappyFace/Info.plist;
				LD_RUNPATH_SEARCH_PATHS = "$(inherited) @executable_path/Frameworks";
				PRODUCT_NAME = "$(TARGET_NAME)";
			};
			name = Release;
		};
		5EFFB27B1A32AAD800285863 /* Debug */ = {
			isa = XCBuildConfiguration;
			buildSettings = {
				BUNDLE_LOADER = "$(TEST_HOST)";
				FRAMEWORK_SEARCH_PATHS = (
					"$(SDKROOT)/Developer/Library/Frameworks",
					"$(inherited)",
				);
				GCC_PREPROCESSOR_DEFINITIONS = (
					"DEBUG=1",
					"$(inherited)",
				);
				INFOPLIST_FILE = HappyFaceTests/Info.plist;
				LD_RUNPATH_SEARCH_PATHS = "$(inherited) @executable_path/Frameworks @loader_path/Frameworks";
				PRODUCT_NAME = "$(TARGET_NAME)";
				TEST_HOST = "$(BUILT_PRODUCTS_DIR)/HappyFace.app/HappyFace";
			};
			name = Debug;
		};
		5EFFB27C1A32AAD800285863 /* Release */ = {
			isa = XCBuildConfiguration;
			buildSettings = {
				BUNDLE_LOADER = "$(TEST_HOST)";
				FRAMEWORK_SEARCH_PATHS = (
					"$(SDKROOT)/Developer/Library/Frameworks",
					"$(inherited)",
				);
				INFOPLIST_FILE = HappyFaceTests/Info.plist;
				LD_RUNPATH_SEARCH_PATHS = "$(inherited) @executable_path/Frameworks @loader_path/Frameworks";
				PRODUCT_NAME = "$(TARGET_NAME)";
				TEST_HOST = "$(BUILT_PRODUCTS_DIR)/HappyFace.app/HappyFace";
			};
			name = Release;
		};
/* End XCBuildConfiguration section */

/* Begin XCConfigurationList section */
		5EFFB2531A32AAD800285863 /* Build configuration list for PBXProject "HappyFace" */ = {
			isa = XCConfigurationList;
			buildConfigurations = (
				5EFFB2751A32AAD800285863 /* Debug */,
				5EFFB2761A32AAD800285863 /* Release */,
			);
			defaultConfigurationIsVisible = 0;
			defaultConfigurationName = Release;
		};
		5EFFB2771A32AAD800285863 /* Build configuration list for PBXNativeTarget "HappyFace" */ = {
			isa = XCConfigurationList;
			buildConfigurations = (
				5EFFB2781A32AAD800285863 /* Debug */,
				5EFFB2791A32AAD800285863 /* Release */,
			);
			defaultConfigurationIsVisible = 0;
		};
		5EFFB27A1A32AAD800285863 /* Build configuration list for PBXNativeTarget "HappyFaceTests" */ = {
			isa = XCConfigurationList;
			buildConfigurations = (
				5EFFB27B1A32AAD800285863 /* Debug */,
				5EFFB27C1A32AAD800285863 /* Release */,
			);
			defaultConfigurationIsVisible = 0;
		};
/* End XCConfigurationList section */
	};
	rootObject = 5EFFB2501A32AAD800285863 /* Project object */;
}
